
Microsoft Visual Studio Solution File, Format Version 12.00
# Visual Studio Version 16
VisualStudioVersion = 16.0.30002.166
MinimumVisualStudioVersion = 10.0.40219.1
Project("{FAE04EC0-301F-11D3-BF4B-00C04F79EFBC}") = "StudentsAndCourses", "StudentsAndCourses\StudentsAndCourses.csproj", "{1C427797-8B63-4E9F-B2EE-2B098504030E}"
EndProject
Project("{FAE04EC0-301F-11D3-BF4B-00C04F79EFBC}") = "StudentsAndCourses.UnitTest", "StudentsAndCourses.UnitTest\StudentsAndCourses.UnitTest.csproj", "{A42AF1E5-8C04-4BAF-BA99-8C9A943D902A}"
EndProject
Global
	GlobalSection(SolutionConfigurationPlatforms) = preSolution
		Debug|Any CPU = Debug|Any CPU
		Release|Any CPU = Release|Any CPU
	EndGlobalSection
	GlobalSection(ProjectConfigurationPlatforms) = postSolution
		{1C427797-8B63-4E9F-B2EE-2B098504030E}.Debug|Any CPU.ActiveCfg = Debug|Any CPU
		{1C427797-8B63-4E9F-B2EE-2B098504030E}.Debug|Any CPU.Build.0 = Debug|Any CPU
		{1C427797-8B63-4E9F-B2EE-2B098504030E}.Release|Any CPU.ActiveCfg = Release|Any CPU
		{1C427797-8B63-4E9F-B2EE-2B098504030E}.Release|Any CPU.Build.0 = Release|Any CPU
		{A42AF1E5-8C04-4BAF-BA99-8C9A943D902A}.Debug|Any CPU.ActiveCfg = Debug|Any CPU
		{A42AF1E5-8C04-4BAF-BA99-8C9A943D902A}.Debug|Any CPU.Build.0 = Debug|Any CPU
		{A42AF1E5-8C04-4BAF-BA99-8C9A943D902A}.Release|Any CPU.ActiveCfg = Release|Any CPU
		{A42AF1E5-8C04-4BAF-BA99-8C9A943D902A}.Release|Any CPU.Build.0 = Release|Any CPU
	EndGlobalSection
	GlobalSection(SolutionProperties) = preSolution
		HideSolutionNode = FALSE
	EndGlobalSection
	GlobalSection(ExtensibilityGlobals) = postSolution
		SolutionGuid = {A17EC35D-4C63-4F16-A456-D7E8DB82B8BA}
	EndGlobalSection
EndGlobal
